// !$*UTF8*$!
{
	archiveVersion = 1;
	classes = {
	};
	objectVersion = 46;
	objects = {

/* Begin PBXBuildFile section */
		C9F2435A1A4B95EA00078FF6 /* AppDelegate.swift in Sources */ = {isa = PBXBuildFile; fileRef = C9F243591A4B95EA00078FF6 /* AppDelegate.swift */; };
		C9F2435C1A4B95EA00078FF6 /* ViewController.swift in Sources */ = {isa = PBXBuildFile; fileRef = C9F2435B1A4B95EA00078FF6 /* ViewController.swift */; };
		C9F2435F1A4B95EA00078FF6 /* Main.storyboard in Resources */ = {isa = PBXBuildFile; fileRef = C9F2435D1A4B95EA00078FF6 /* Main.storyboard */; };
		C9F243611A4B95EA00078FF6 /* Images.xcassets in Resources */ = {isa = PBXBuildFile; fileRef = C9F243601A4B95EA00078FF6 /* Images.xcassets */; };
		C9F243641A4B95EA00078FF6 /* LaunchScreen.xib in Resources */ = {isa = PBXBuildFile; fileRef = C9F243621A4B95EA00078FF6 /* LaunchScreen.xib */; };
		C9F243701A4B95EA00078FF6 /* BullsEyeTests.swift in Sources */ = {isa = PBXBuildFile; fileRef = C9F2436F1A4B95EA00078FF6 /* BullsEyeTests.swift */; };
/* End PBXBuildFile section */

/* Begin PBXContainerItemProxy section */
		C9F2436A1A4B95EA00078FF6 /* PBXContainerItemProxy */ = {
			isa = PBXContainerItemProxy;
			containerPortal = C9F2434C1A4B95EA00078FF6 /* Project object */;
			proxyType = 1;
			remoteGlobalIDString = C9F243531A4B95EA00078FF6;
			remoteInfo = BullsEye;
		};
/* End PBXContainerItemProxy section */

/* Begin PBXFileReference section */
		C9F243541A4B95EA00078FF6 /* BullsEye.app */ = {isa = PBXFileReference; explicitFileType = wrapper.application; includeInIndex = 0; path = BullsEye.app; sourceTree = BUILT_PRODUCTS_DIR; };
		C9F243581A4B95EA00078FF6 /* Info.plist */ = {isa = PBXFileReference; lastKnownFileType = text.plist.xml; path = Info.plist; sourceTree = "<group>"; };
		C9F243591A4B95EA00078FF6 /* AppDelegate.swift */ = {isa = PBXFileReference; lastKnownFileType = sourcecode.swift; path = AppDelegate.swift; sourceTree = "<group>"; };
		C9F2435B1A4B95EA00078FF6 /* ViewController.swift */ = {isa = PBXFileReference; lastKnownFileType = sourcecode.swift; path = ViewController.swift; sourceTree = "<group>"; };
		C9F2435E1A4B95EA00078FF6 /* Base */ = {isa = PBXFileReference; lastKnownFileType = file.storyboard; name = Base; path = Base.lproj/Main.storyboard; sourceTree = "<group>"; };
		C9F243601A4B95EA00078FF6 /* Images.xcassets */ = {isa = PBXFileReference; lastKnownFileType = folder.assetcatalog; path = Images.xcassets; sourceTree = "<group>"; };
		C9F243631A4B95EA00078FF6 /* Base */ = {isa = PBXFileReference; lastKnownFileType = file.xib; name = Base; path = Base.lproj/LaunchScreen.xib; sourceTree = "<group>"; };
		C9F243691A4B95EA00078FF6 /* BullsEyeTests.xctest */ = {isa = PBXFileReference; explicitFileType = wrapper.cfbundle; includeInIndex = 0; path = BullsEyeTests.xctest; sourceTree = BUILT_PRODUCTS_DIR; };
		C9F2436E1A4B95EA00078FF6 /* Info.plist */ = {isa = PBXFileReference; lastKnownFileType = text.plist.xml; path = Info.plist; sourceTree = "<group>"; };
		C9F2436F1A4B95EA00078FF6 /* BullsEyeTests.swift */ = {isa = PBXFileReference; lastKnownFileType = sourcecode.swift; path = BullsEyeTests.swift; sourceTree = "<group>"; };
/* End PBXFileReference section */

/* Begin PBXFrameworksBuildPhase section */
		C9F243511A4B95EA00078FF6 /* Frameworks */ = {
			isa = PBXFrameworksBuildPhase;
			buildActionMask = 2147483647;
			files = (
			);
			runOnlyForDeploymentPostprocessing = 0;
		};
		C9F243661A4B95EA00078FF6 /* Frameworks */ = {
			isa = PBXFrameworksBuildPhase;
			buildActionMask = 2147483647;
			files = (
			);
			runOnlyForDeploymentPostprocessing = 0;
		};
/* End PBXFrameworksBuildPhase section */

/* Begin PBXGroup section */
		C9F2434B1A4B95EA00078FF6 = {
			isa = PBXGroup;
			children = (
				C9F243561A4B95EA00078FF6 /* BullsEye */,
				C9F2436C1A4B95EA00078FF6 /* BullsEyeTests */,
				C9F243551A4B95EA00078FF6 /* Products */,
			);
			sourceTree = "<group>";
		};
		C9F243551A4B95EA00078FF6 /* Products */ = {
			isa = PBXGroup;
			children = (
				C9F243541A4B95EA00078FF6 /* BullsEye.app */,
				C9F243691A4B95EA00078FF6 /* BullsEyeTests.xctest */,
			);
			name = Products;
			sourceTree = "<group>";
		};
		C9F243561A4B95EA00078FF6 /* BullsEye */ = {
			isa = PBXGroup;
			children = (
				C9F243591A4B95EA00078FF6 /* AppDelegate.swift */,
				C9F2435B1A4B95EA00078FF6 /* ViewController.swift */,
				C9F2435D1A4B95EA00078FF6 /* Main.storyboard */,
				C9F243601A4B95EA00078FF6 /* Images.xcassets */,
				C9F243621A4B95EA00078FF6 /* LaunchScreen.xib */,
				C9F243571A4B95EA00078FF6 /* Supporting Files */,
			);
			path = BullsEye;
			sourceTree = "<group>";
		};
		C9F243571A4B95EA00078FF6 /* Supporting Files */ = {
			isa = PBXGroup;
			children = (
				C9F243581A4B95EA00078FF6 /* Info.plist */,
			);
			name = "Supporting Files";
			sourceTree = "<group>";
		};
		C9F2436C1A4B95EA00078FF6 /* BullsEyeTests */ = {
			isa = PBXGroup;
			children = (
				C9F2436F1A4B95EA00078FF6 /* BullsEyeTests.swift */,
				C9F2436D1A4B95EA00078FF6 /* Supporting Files */,
			);
			path = BullsEyeTests;
			sourceTree = "<group>";
		};
		C9F2436D1A4B95EA00078FF6 /* Supporting Files */ = {
			isa = PBXGroup;
			children = (
				C9F2436E1A4B95EA00078FF6 /* Info.plist */,
			);
			name = "Supporting Files";
			sourceTree = "<group>";
		};
/* End PBXGroup section */

/* Begin PBXNativeTarget section */
		C9F243531A4B95EA00078FF6 /* BullsEye */ = {
			isa = PBXNativeTarget;
			buildConfigurationList = C9F243731A4B95EA00078FF6 /* Build configuration list for PBXNativeTarget "BullsEye" */;
			buildPhases = (
				C9F243501A4B95EA00078FF6 /* Sources */,
				C9F243511A4B95EA00078FF6 /* Frameworks */,
				C9F243521A4B95EA00078FF6 /* Resources */,
			);
			buildRules = (
			);
			dependencies = (
			);
			name = BullsEye;
			productName = BullsEye;
			productReference = C9F243541A4B95EA00078FF6 /* BullsEye.app */;
			productType = "com.apple.product-type.application";
		};
		C9F243681A4B95EA00078FF6 /* BullsEyeTests */ = {
			isa = PBXNativeTarget;
			buildConfigurationList = C9F243761A4B95EA00078FF6 /* Build configuration list for PBXNativeTarget "BullsEyeTests" */;
			buildPhases = (
				C9F243651A4B95EA00078FF6 /* Sources */,
				C9F243661A4B95EA00078FF6 /* Frameworks */,
				C9F243671A4B95EA00078FF6 /* Resources */,
			);
			buildRules = (
			);
			dependencies = (
				C9F2436B1A4B95EA00078FF6 /* PBXTargetDependency */,
			);
			name = BullsEyeTests;
			productName = BullsEyeTests;
			productReference = C9F243691A4B95EA00078FF6 /* BullsEyeTests.xctest */;
			productType = "com.apple.product-type.bundle.unit-test";
		};
/* End PBXNativeTarget section */

/* Begin PBXProject section */
		C9F2434C1A4B95EA00078FF6 /* Project object */ = {
			isa = PBXProject;
			attributes = {
				LastUpgradeCheck = 0610;
				ORGANIZATIONNAME = "Fountain and Fairchild LLC";
				TargetAttributes = {
					C9F243531A4B95EA00078FF6 = {
						CreatedOnToolsVersion = 6.1.1;
					};
					C9F243681A4B95EA00078FF6 = {
						CreatedOnToolsVersion = 6.1.1;
						TestTargetID = C9F243531A4B95EA00078FF6;
					};
				};
			};
			buildConfigurationList = C9F2434F1A4B95EA00078FF6 /* Build configuration list for PBXProject "BullsEye" */;
			compatibilityVersion = "Xcode 3.2";
			developmentRegion = English;
			hasScannedForEncodings = 0;
			knownRegions = (
				en,
				Base,
			);
			mainGroup = C9F2434B1A4B95EA00078FF6;
			productRefGroup = C9F243551A4B95EA00078FF6 /* Products */;
			projectDirPath = "";
			projectRoot = "";
			targets = (
				C9F243531A4B95EA00078FF6 /* BullsEye */,
				C9F243681A4B95EA00078FF6 /* BullsEyeTests */,
			);
		};
/* End PBXProject section */

/* Begin PBXResourcesBuildPhase section */
		C9F243521A4B95EA00078FF6 /* Resources */ = {
			isa = PBXResourcesBuildPhase;
			buildActionMask = 2147483647;
			files = (
				C9F2435F1A4B95EA00078FF6 /* Main.storyboard in Resources */,
				C9F243641A4B95EA00078FF6 /* LaunchScreen.xib in Resources */,
				C9F243611A4B95EA00078FF6 /* Images.xcassets in Resources */,
			);
			runOnlyForDeploymentPostprocessing = 0;
		};
		C9F243671A4B95EA00078FF6 /* Resources */ = {
			isa = PBXResourcesBuildPhase;
			buildActionMask = 2147483647;
			files = (
			);
			runOnlyForDeploymentPostprocessing = 0;
		};
/* End PBXResourcesBuildPhase section */

/* Begin PBXSourcesBuildPhase section */
		C9F243501A4B95EA00078FF6 /* Sources */ = {
			isa = PBXSourcesBuildPhase;
			buildActionMask = 2147483647;
			files = (
				C9F2435C1A4B95EA00078FF6 /* ViewController.swift in Sources */,
				C9F2435A1A4B95EA00078FF6 /* AppDelegate.swift in Sources */,
			);
			runOnlyForDeploymentPostprocessing = 0;
		};
		C9F243651A4B95EA00078FF6 /* Sources */ = {
			isa = PBXSourcesBuildPhase;
			buildActionMask = 2147483647;
			files = (
				C9F243701A4B95EA00078FF6 /* BullsEyeTests.swift in Sources */,
			);
			runOnlyForDeploymentPostprocessing = 0;
		};
/* End PBXSourcesBuildPhase section */

/* Begin PBXTargetDependency section */
		C9F2436B1A4B95EA00078FF6 /* PBXTargetDependency */ = {
			isa = PBXTargetDependency;
			target = C9F243531A4B95EA00078FF6 /* BullsEye */;
			targetProxy = C9F2436A1A4B95EA00078FF6 /* PBXContainerItemProxy */;
		};
/* End PBXTargetDependency section */

/* Begin PBXVariantGroup section */
		C9F2435D1A4B95EA00078FF6 /* Main.storyboard */ = {
			isa = PBXVariantGroup;
			children = (
				C9F2435E1A4B95EA00078FF6 /* Base */,
			);
			name = Main.storyboard;
			sourceTree = "<group>";
		};
		C9F243621A4B95EA00078FF6 /* LaunchScreen.xib */ = {
			isa = PBXVariantGroup;
			children = (
				C9F243631A4B95EA00078FF6 /* Base */,
			);
			name = LaunchScreen.xib;
			sourceTree = "<group>";
		};
/* End PBXVariantGroup section */

/* Begin XCBuildConfiguration section */
		C9F243711A4B95EA00078FF6 /* Debug */ = {
			isa = XCBuildConfiguration;
			buildSettings = {
				ALWAYS_SEARCH_USER_PATHS = NO;
				CLANG_CXX_LANGUAGE_STANDARD = "gnu++0x";
				CLANG_CXX_LIBRARY = "libc++";
				CLANG_ENABLE_MODULES = YES;
				CLANG_ENABLE_OBJC_ARC = YES;
				CLANG_WARN_BOOL_CONVERSION = YES;
				CLANG_WARN_CONSTANT_CONVERSION = YES;
				CLANG_WARN_DIRECT_OBJC_ISA_USAGE = YES_ERROR;
				CLANG_WARN_EMPTY_BODY = YES;
				CLANG_WARN_ENUM_CONVERSION = YES;
				CLANG_WARN_INT_CONVERSION = YES;
				CLANG_WARN_OBJC_ROOT_CLASS = YES_ERROR;
				CLANG_WARN_UNREACHABLE_CODE = YES;
				CLANG_WARN__DUPLICATE_METHOD_MATCH = YES;
				"CODE_SIGN_IDENTITY[sdk=iphoneos*]" = "iPhone Developer";
				COPY_PHASE_STRIP = NO;
				ENABLE_STRICT_OBJC_MSGSEND = YES;
				GCC_C_LANGUAGE_STANDARD = gnu99;
				GCC_DYNAMIC_NO_PIC = NO;
				GCC_OPTIMIZATION_LEVEL = 0;
				GCC_PREPROCESSOR_DEFINITIONS = (
					"DEBUG=1",
					"$(inherited)",
				);
				GCC_SYMBOLS_PRIVATE_EXTERN = NO;
				GCC_WARN_64_TO_32_BIT_CONVERSION = YES;
				GCC_WARN_ABOUT_RETURN_TYPE = YES_ERROR;
				GCC_WARN_UNDECLARED_SELECTOR = YES;
				GCC_WARN_UNINITIALIZED_AUTOS = YES_AGGRESSIVE;
				GCC_WARN_UNUSED_FUNCTION = YES;
				GCC_WARN_UNUSED_VARIABLE = YES;
				IPHONEOS_DEPLOYMENT_TARGET = 8.1;
				MTL_ENABLE_DEBUG_INFO = YES;
				ONLY_ACTIVE_ARCH = YES;
				SDKROOT = iphoneos;
				SWIFT_OPTIMIZATION_LEVEL = "-Onone";
			};
			name = Debug;
		};
		C9F243721A4B95EA00078FF6 /* Release */ = {
			isa = XCBuildConfiguration;
			buildSettings = {
				ALWAYS_SEARCH_USER_PATHS = NO;
				CLANG_CXX_LANGUAGE_STANDARD = "gnu++0x";
				CLANG_CXX_LIBRARY = "libc++";
				CLANG_ENABLE_MODULES = YES;
				CLANG_ENABLE_OBJC_ARC = YES;
				CLANG_WARN_BOOL_CONVERSION = YES;
				CLANG_WARN_CONSTANT_CONVERSION = YES;
				CLANG_WARN_DIRECT_OBJC_ISA_USAGE = YES_ERROR;
				CLANG_WARN_EMPTY_BODY = YES;
				CLANG_WARN_ENUM_CONVERSION = YES;
				CLANG_WARN_INT_CONVERSION = YES;
				CLANG_WARN_OBJC_ROOT_CLASS = YES_ERROR;
				CLANG_WARN_UNREACHABLE_CODE = YES;
				CLANG_WARN__DUPLICATE_METHOD_MATCH = YES;
				"CODE_SIGN_IDENTITY[sdk=iphoneos*]" = "iPhone Developer";
				COPY_PHASE_STRIP = YES;
				ENABLE_NS_ASSERTIONS = NO;
				ENABLE_STRICT_OBJC_MSGSEND = YES;
				GCC_C_LANGUAGE_STANDARD = gnu99;
				GCC_WARN_64_TO_32_BIT_CONVERSION = YES;
				GCC_WARN_ABOUT_RETURN_TYPE = YES_ERROR;
				GCC_WARN_UNDECLARED_SELECTOR = YES;
				GCC_WARN_UNINITIALIZED_AUTOS = YES_AGGRESSIVE;
				GCC_WARN_UNUSED_FUNCTION = YES;
				GCC_WARN_UNUSED_VARIABLE = YES;
				IPHONEOS_DEPLOYMENT_TARGET = 8.1;
				MTL_ENABLE_DEBUG_INFO = NO;
				SDKROOT = iphoneos;
				VALIDATE_PRODUCT = YES;
			};
			name = Release;
		};
		C9F243741A4B95EA00078FF6 /* Debug */ = {
			isa = XCBuildConfiguration;
			buildSettings = {
				ASSETCATALOG_COMPILER_APPICON_NAME = AppIcon;
				INFOPLIST_FILE = BullsEye/Info.plist;
				LD_RUNPATH_SEARCH_PATHS = "$(inherited) @executable_path/Frameworks";
				PRODUCT_NAME = "$(TARGET_NAME)";
			};
			name = Debug;
		};
		C9F243751A4B95EA00078FF6 /* Release */ = {
			isa = XCBuildConfiguration;
			buildSettings = {
				ASSETCATALOG_COMPILER_APPICON_NAME = AppIcon;
				INFOPLIST_FILE = BullsEye/Info.plist;
				LD_RUNPATH_SEARCH_PATHS = "$(inherited) @executable_path/Frameworks";
				PRODUCT_NAME = "$(TARGET_NAME)";
			};
			name = Release;
		};
		C9F243771A4B95EA00078FF6 /* Debug */ = {
			isa = XCBuildConfiguration;
			buildSettings = {
				BUNDLE_LOADER = "$(TEST_HOST)";
				FRAMEWORK_SEARCH_PATHS = (
					"$(SDKROOT)/Developer/Library/Frameworks",
					"$(inherited)",
				);
				GCC_PREPROCESSOR_DEFINITIONS = (
					"DEBUG=1",
					"$(inherited)",
				);
				INFOPLIST_FILE = BullsEyeTests/Info.plist;
				LD_RUNPATH_SEARCH_PATHS = "$(inherited) @executable_path/Frameworks @loader_path/Frameworks";
				PRODUCT_NAME = "$(TARGET_NAME)";
				TEST_HOST = "$(BUILT_PRODUCTS_DIR)/BullsEye.app/BullsEye";
			};
			name = Debug;
		};
		C9F243781A4B95EA00078FF6 /* Release */ = {
			isa = XCBuildConfiguration;
			buildSettings = {
				BUNDLE_LOADER = "$(TEST_HOST)";
				FRAMEWORK_SEARCH_PATHS = (
					"$(SDKROOT)/Developer/Library/Frameworks",
					"$(inherited)",
				);
				INFOPLIST_FILE = BullsEyeTests/Info.plist;
				LD_RUNPATH_SEARCH_PATHS = "$(inherited) @executable_path/Frameworks @loader_path/Frameworks";
				PRODUCT_NAME = "$(TARGET_NAME)";
				TEST_HOST = "$(BUILT_PRODUCTS_DIR)/BullsEye.app/BullsEye";
			};
			name = Release;
		};
/* End XCBuildConfiguration section */

/* Begin XCConfigurationList section */
		C9F2434F1A4B95EA00078FF6 /* Build configuration list for PBXProject "BullsEye" */ = {
			isa = XCConfigurationList;
			buildConfigurations = (
				C9F243711A4B95EA00078FF6 /* Debug */,
				C9F243721A4B95EA00078FF6 /* Release */,
			);
			defaultConfigurationIsVisible = 0;
			defaultConfigurationName = Release;
		};
		C9F243731A4B95EA00078FF6 /* Build configuration list for PBXNativeTarget "BullsEye" */ = {
			isa = XCConfigurationList;
			buildConfigurations = (
				C9F243741A4B95EA00078FF6 /* Debug */,
				C9F243751A4B95EA00078FF6 /* Release */,
			);
			defaultConfigurationIsVisible = 0;
		};
		C9F243761A4B95EA00078FF6 /* Build configuration list for PBXNativeTarget "BullsEyeTests" */ = {
			isa = XCConfigurationList;
			buildConfigurations = (
				C9F243771A4B95EA00078FF6 /* Debug */,
				C9F243781A4B95EA00078FF6 /* Release */,
			);
			defaultConfigurationIsVisible = 0;
		};
/* End XCConfigurationList section */
	};
	rootObject = C9F2434C1A4B95EA00078FF6 /* Project object */;
}
